
Microsoft Visual Studio Solution File, Format Version 12.00
# Visual Studio 2013
VisualStudioVersion = 12.0.31101.0
MinimumVisualStudioVersion = 10.0.40219.1
Project("{FAE04EC0-301F-11D3-BF4B-00C04F79EFBC}") = "Symitar", "Symitar\Symitar.csproj", "{3EC60B99-DCC6-4C15-B14C-DD49B1DFD215}"
EndProject
Project("{FAE04EC0-301F-11D3-BF4B-00C04F79EFBC}") = "Symitar.Tests", "Symitar.Tests\Symitar.Tests.csproj", "{136E75CA-7AA6-4486-B6EE-7970E5C378C4}"
EndProject
Project("{2150E333-8FDC-42A3-9474-1A3956D46DE8}") = "Solution Items", "Solution Items", "{73C81487-FA96-411F-A509-064C5A01BFAC}"
	ProjectSection(SolutionItems) = preProject
		appveyor.yml = appveyor.yml
		cover.bat = cover.bat
		GPL 3.txt = GPL 3.txt
		README.md = README.md
		Symitar.metaproj = Symitar.metaproj
		test.bat = test.bat
	EndProjectSection
EndProject
Project("{FAE04EC0-301F-11D3-BF4B-00C04F79EFBC}") = "Symitar.Console", "Symitar.Console\Symitar.Console.csproj", "{D002EB18-26CB-4B2B-8379-3CAA7EDF85B7}"
EndProject
Project("{2150E333-8FDC-42A3-9474-1A3956D46DE8}") = ".nuget", ".nuget", "{91C2E5D4-A2BA-4B15-934E-F8AE05D137D0}"
	ProjectSection(SolutionItems) = preProject
		.nuget\NuGet.Config = .nuget\NuGet.Config
		.nuget\NuGet.exe = .nuget\NuGet.exe
		.nuget\NuGet.targets = .nuget\NuGet.targets
	EndProjectSection
EndProject
Global
	GlobalSection(SolutionConfigurationPlatforms) = preSolution
		Debug|Any CPU = Debug|Any CPU
		Release|Any CPU = Release|Any CPU
	EndGlobalSection
	GlobalSection(ProjectConfigurationPlatforms) = postSolution
		{3EC60B99-DCC6-4C15-B14C-DD49B1DFD215}.Debug|Any CPU.ActiveCfg = Debug|Any CPU
		{3EC60B99-DCC6-4C15-B14C-DD49B1DFD215}.Debug|Any CPU.Build.0 = Debug|Any CPU
		{3EC60B99-DCC6-4C15-B14C-DD49B1DFD215}.Release|Any CPU.ActiveCfg = Release|Any CPU
		{3EC60B99-DCC6-4C15-B14C-DD49B1DFD215}.Release|Any CPU.Build.0 = Release|Any CPU
		{136E75CA-7AA6-4486-B6EE-7970E5C378C4}.Debug|Any CPU.ActiveCfg = Debug|Any CPU
		{136E75CA-7AA6-4486-B6EE-7970E5C378C4}.Debug|Any CPU.Build.0 = Debug|Any CPU
		{136E75CA-7AA6-4486-B6EE-7970E5C378C4}.Release|Any CPU.ActiveCfg = Release|Any CPU
		{136E75CA-7AA6-4486-B6EE-7970E5C378C4}.Release|Any CPU.Build.0 = Release|Any CPU
		{D002EB18-26CB-4B2B-8379-3CAA7EDF85B7}.Debug|Any CPU.ActiveCfg = Debug|Any CPU
		{D002EB18-26CB-4B2B-8379-3CAA7EDF85B7}.Debug|Any CPU.Build.0 = Debug|Any CPU
		{D002EB18-26CB-4B2B-8379-3CAA7EDF85B7}.Release|Any CPU.ActiveCfg = Release|Any CPU
		{D002EB18-26CB-4B2B-8379-3CAA7EDF85B7}.Release|Any CPU.Build.0 = Release|Any CPU
	EndGlobalSection
	GlobalSection(SolutionProperties) = preSolution
		HideSolutionNode = FALSE
	EndGlobalSection
EndGlobal
